// !$*UTF8*$!
{
	archiveVersion = 1;
	classes = {
	};
	objectVersion = 46;
	objects = {

/* Begin PBXBuildFile section */
		1159F7F91CFBD1C500EFEA20 /* main.m in Sources */ = {isa = PBXBuildFile; fileRef = 1159F7F81CFBD1C500EFEA20 /* main.m */; };
		1159F7FC1CFBD1C500EFEA20 /* AppDelegate.m in Sources */ = {isa = PBXBuildFile; fileRef = 1159F7FB1CFBD1C500EFEA20 /* AppDelegate.m */; };
		1159F7FF1CFBD1C500EFEA20 /* ViewController.m in Sources */ = {isa = PBXBuildFile; fileRef = 1159F7FE1CFBD1C500EFEA20 /* ViewController.m */; };
		1159F8021CFBD1C500EFEA20 /* Main.storyboard in Resources */ = {isa = PBXBuildFile; fileRef = 1159F8001CFBD1C500EFEA20 /* Main.storyboard */; };
		1159F8041CFBD1C500EFEA20 /* Assets.xcassets in Resources */ = {isa = PBXBuildFile; fileRef = 1159F8031CFBD1C500EFEA20 /* Assets.xcassets */; };
		1159F8071CFBD1C500EFEA20 /* LaunchScreen.storyboard in Resources */ = {isa = PBXBuildFile; fileRef = 1159F8051CFBD1C500EFEA20 /* LaunchScreen.storyboard */; };
		1159F8121CFBD1C500EFEA20 /* RACOCCalculatorTests.m in Sources */ = {isa = PBXBuildFile; fileRef = 1159F8111CFBD1C500EFEA20 /* RACOCCalculatorTests.m */; };
/* End PBXBuildFile section */

/* Begin PBXContainerItemProxy section */
		1159F80E1CFBD1C500EFEA20 /* PBXContainerItemProxy */ = {
			isa = PBXContainerItemProxy;
			containerPortal = 1159F7EC1CFBD1C500EFEA20 /* Project object */;
			proxyType = 1;
			remoteGlobalIDString = 1159F7F31CFBD1C500EFEA20;
			remoteInfo = RACOCCalculator;
		};
/* End PBXContainerItemProxy section */

/* Begin PBXFileReference section */
		1159F7F41CFBD1C500EFEA20 /* RACOCCalculator.app */ = {isa = PBXFileReference; explicitFileType = wrapper.application; includeInIndex = 0; path = RACOCCalculator.app; sourceTree = BUILT_PRODUCTS_DIR; };
		1159F7F81CFBD1C500EFEA20 /* main.m */ = {isa = PBXFileReference; lastKnownFileType = sourcecode.c.objc; path = main.m; sourceTree = "<group>"; };
		1159F7FA1CFBD1C500EFEA20 /* AppDelegate.h */ = {isa = PBXFileReference; lastKnownFileType = sourcecode.c.h; path = AppDelegate.h; sourceTree = "<group>"; };
		1159F7FB1CFBD1C500EFEA20 /* AppDelegate.m */ = {isa = PBXFileReference; lastKnownFileType = sourcecode.c.objc; path = AppDelegate.m; sourceTree = "<group>"; };
		1159F7FD1CFBD1C500EFEA20 /* ViewController.h */ = {isa = PBXFileReference; lastKnownFileType = sourcecode.c.h; path = ViewController.h; sourceTree = "<group>"; };
		1159F7FE1CFBD1C500EFEA20 /* ViewController.m */ = {isa = PBXFileReference; lastKnownFileType = sourcecode.c.objc; path = ViewController.m; sourceTree = "<group>"; };
		1159F8011CFBD1C500EFEA20 /* Base */ = {isa = PBXFileReference; lastKnownFileType = file.storyboard; name = Base; path = Base.lproj/Main.storyboard; sourceTree = "<group>"; };
		1159F8031CFBD1C500EFEA20 /* Assets.xcassets */ = {isa = PBXFileReference; lastKnownFileType = folder.assetcatalog; path = Assets.xcassets; sourceTree = "<group>"; };
		1159F8061CFBD1C500EFEA20 /* Base */ = {isa = PBXFileReference; lastKnownFileType = file.storyboard; name = Base; path = Base.lproj/LaunchScreen.storyboard; sourceTree = "<group>"; };
		1159F8081CFBD1C500EFEA20 /* Info.plist */ = {isa = PBXFileReference; lastKnownFileType = text.plist.xml; path = Info.plist; sourceTree = "<group>"; };
		1159F80D1CFBD1C500EFEA20 /* RACOCCalculatorTests.xctest */ = {isa = PBXFileReference; explicitFileType = wrapper.cfbundle; includeInIndex = 0; path = RACOCCalculatorTests.xctest; sourceTree = BUILT_PRODUCTS_DIR; };
		1159F8111CFBD1C500EFEA20 /* RACOCCalculatorTests.m */ = {isa = PBXFileReference; lastKnownFileType = sourcecode.c.objc; path = RACOCCalculatorTests.m; sourceTree = "<group>"; };
		1159F8131CFBD1C500EFEA20 /* Info.plist */ = {isa = PBXFileReference; lastKnownFileType = text.plist.xml; path = Info.plist; sourceTree = "<group>"; };
/* End PBXFileReference section */

/* Begin PBXFrameworksBuildPhase section */
		1159F7F11CFBD1C500EFEA20 /* Frameworks */ = {
			isa = PBXFrameworksBuildPhase;
			buildActionMask = 2147483647;
			files = (
			);
			runOnlyForDeploymentPostprocessing = 0;
		};
		1159F80A1CFBD1C500EFEA20 /* Frameworks */ = {
			isa = PBXFrameworksBuildPhase;
			buildActionMask = 2147483647;
			files = (
			);
			runOnlyForDeploymentPostprocessing = 0;
		};
/* End PBXFrameworksBuildPhase section */

/* Begin PBXGroup section */
		1159F7EB1CFBD1C500EFEA20 = {
			isa = PBXGroup;
			children = (
				1159F7F61CFBD1C500EFEA20 /* RACOCCalculator */,
				1159F8101CFBD1C500EFEA20 /* RACOCCalculatorTests */,
				1159F7F51CFBD1C500EFEA20 /* Products */,
			);
			sourceTree = "<group>";
		};
		1159F7F51CFBD1C500EFEA20 /* Products */ = {
			isa = PBXGroup;
			children = (
				1159F7F41CFBD1C500EFEA20 /* RACOCCalculator.app */,
				1159F80D1CFBD1C500EFEA20 /* RACOCCalculatorTests.xctest */,
			);
			name = Products;
			sourceTree = "<group>";
		};
		1159F7F61CFBD1C500EFEA20 /* RACOCCalculator */ = {
			isa = PBXGroup;
			children = (
				1159F7FA1CFBD1C500EFEA20 /* AppDelegate.h */,
				1159F7FB1CFBD1C500EFEA20 /* AppDelegate.m */,
				1159F7FD1CFBD1C500EFEA20 /* ViewController.h */,
				1159F7FE1CFBD1C500EFEA20 /* ViewController.m */,
				1159F8001CFBD1C500EFEA20 /* Main.storyboard */,
				1159F8031CFBD1C500EFEA20 /* Assets.xcassets */,
				1159F8051CFBD1C500EFEA20 /* LaunchScreen.storyboard */,
				1159F8081CFBD1C500EFEA20 /* Info.plist */,
				1159F7F71CFBD1C500EFEA20 /* Supporting Files */,
			);
			path = RACOCCalculator;
			sourceTree = "<group>";
		};
		1159F7F71CFBD1C500EFEA20 /* Supporting Files */ = {
			isa = PBXGroup;
			children = (
				1159F7F81CFBD1C500EFEA20 /* main.m */,
			);
			name = "Supporting Files";
			sourceTree = "<group>";
		};
		1159F8101CFBD1C500EFEA20 /* RACOCCalculatorTests */ = {
			isa = PBXGroup;
			children = (
				1159F8111CFBD1C500EFEA20 /* RACOCCalculatorTests.m */,
				1159F8131CFBD1C500EFEA20 /* Info.plist */,
			);
			path = RACOCCalculatorTests;
			sourceTree = "<group>";
		};
/* End PBXGroup section */

/* Begin PBXNativeTarget section */
		1159F7F31CFBD1C500EFEA20 /* RACOCCalculator */ = {
			isa = PBXNativeTarget;
			buildConfigurationList = 1159F8161CFBD1C500EFEA20 /* Build configuration list for PBXNativeTarget "RACOCCalculator" */;
			buildPhases = (
				1159F7F01CFBD1C500EFEA20 /* Sources */,
				1159F7F11CFBD1C500EFEA20 /* Frameworks */,
				1159F7F21CFBD1C500EFEA20 /* Resources */,
			);
			buildRules = (
			);
			dependencies = (
			);
			name = RACOCCalculator;
			productName = RACOCCalculator;
			productReference = 1159F7F41CFBD1C500EFEA20 /* RACOCCalculator.app */;
			productType = "com.apple.product-type.application";
		};
		1159F80C1CFBD1C500EFEA20 /* RACOCCalculatorTests */ = {
			isa = PBXNativeTarget;
			buildConfigurationList = 1159F8191CFBD1C500EFEA20 /* Build configuration list for PBXNativeTarget "RACOCCalculatorTests" */;
			buildPhases = (
				1159F8091CFBD1C500EFEA20 /* Sources */,
				1159F80A1CFBD1C500EFEA20 /* Frameworks */,
				1159F80B1CFBD1C500EFEA20 /* Resources */,
			);
			buildRules = (
			);
			dependencies = (
				1159F80F1CFBD1C500EFEA20 /* PBXTargetDependency */,
			);
			name = RACOCCalculatorTests;
			productName = RACOCCalculatorTests;
			productReference = 1159F80D1CFBD1C500EFEA20 /* RACOCCalculatorTests.xctest */;
			productType = "com.apple.product-type.bundle.unit-test";
		};
/* End PBXNativeTarget section */

/* Begin PBXProject section */
		1159F7EC1CFBD1C500EFEA20 /* Project object */ = {
			isa = PBXProject;
			attributes = {
				LastUpgradeCheck = 0730;
				ORGANIZATIONNAME = "Xaree Lee";
				TargetAttributes = {
					1159F7F31CFBD1C500EFEA20 = {
						CreatedOnToolsVersion = 7.3;
					};
					1159F80C1CFBD1C500EFEA20 = {
						CreatedOnToolsVersion = 7.3;
						TestTargetID = 1159F7F31CFBD1C500EFEA20;
					};
				};
			};
			buildConfigurationList = 1159F7EF1CFBD1C500EFEA20 /* Build configuration list for PBXProject "RACOCCalculator" */;
			compatibilityVersion = "Xcode 3.2";
			developmentRegion = English;
			hasScannedForEncodings = 0;
			knownRegions = (
				en,
				Base,
			);
			mainGroup = 1159F7EB1CFBD1C500EFEA20;
			productRefGroup = 1159F7F51CFBD1C500EFEA20 /* Products */;
			projectDirPath = "";
			projectRoot = "";
			targets = (
				1159F7F31CFBD1C500EFEA20 /* RACOCCalculator */,
				1159F80C1CFBD1C500EFEA20 /* RACOCCalculatorTests */,
			);
		};
/* End PBXProject section */

/* Begin PBXResourcesBuildPhase section */
		1159F7F21CFBD1C500EFEA20 /* Resources */ = {
			isa = PBXResourcesBuildPhase;
			buildActionMask = 2147483647;
			files = (
				1159F8071CFBD1C500EFEA20 /* LaunchScreen.storyboard in Resources */,
				1159F8041CFBD1C500EFEA20 /* Assets.xcassets in Resources */,
				1159F8021CFBD1C500EFEA20 /* Main.storyboard in Resources */,
			);
			runOnlyForDeploymentPostprocessing = 0;
		};
		1159F80B1CFBD1C500EFEA20 /* Resources */ = {
			isa = PBXResourcesBuildPhase;
			buildActionMask = 2147483647;
			files = (
			);
			runOnlyForDeploymentPostprocessing = 0;
		};
/* End PBXResourcesBuildPhase section */

/* Begin PBXSourcesBuildPhase section */
		1159F7F01CFBD1C500EFEA20 /* Sources */ = {
			isa = PBXSourcesBuildPhase;
			buildActionMask = 2147483647;
			files = (
				1159F7FF1CFBD1C500EFEA20 /* ViewController.m in Sources */,
				1159F7FC1CFBD1C500EFEA20 /* AppDelegate.m in Sources */,
				1159F7F91CFBD1C500EFEA20 /* main.m in Sources */,
			);
			runOnlyForDeploymentPostprocessing = 0;
		};
		1159F8091CFBD1C500EFEA20 /* Sources */ = {
			isa = PBXSourcesBuildPhase;
			buildActionMask = 2147483647;
			files = (
				1159F8121CFBD1C500EFEA20 /* RACOCCalculatorTests.m in Sources */,
			);
			runOnlyForDeploymentPostprocessing = 0;
		};
/* End PBXSourcesBuildPhase section */

/* Begin PBXTargetDependency section */
		1159F80F1CFBD1C500EFEA20 /* PBXTargetDependency */ = {
			isa = PBXTargetDependency;
			target = 1159F7F31CFBD1C500EFEA20 /* RACOCCalculator */;
			targetProxy = 1159F80E1CFBD1C500EFEA20 /* PBXContainerItemProxy */;
		};
/* End PBXTargetDependency section */

/* Begin PBXVariantGroup section */
		1159F8001CFBD1C500EFEA20 /* Main.storyboard */ = {
			isa = PBXVariantGroup;
			children = (
				1159F8011CFBD1C500EFEA20 /* Base */,
			);
			name = Main.storyboard;
			sourceTree = "<group>";
		};
		1159F8051CFBD1C500EFEA20 /* LaunchScreen.storyboard */ = {
			isa = PBXVariantGroup;
			children = (
				1159F8061CFBD1C500EFEA20 /* Base */,
			);
			name = LaunchScreen.storyboard;
			sourceTree = "<group>";
		};
/* End PBXVariantGroup section */

/* Begin XCBuildConfiguration section */
		1159F8141CFBD1C500EFEA20 /* Debug */ = {
			isa = XCBuildConfiguration;
			buildSettings = {
				ALWAYS_SEARCH_USER_PATHS = NO;
				CLANG_ANALYZER_NONNULL = YES;
				CLANG_CXX_LANGUAGE_STANDARD = "gnu++0x";
				CLANG_CXX_LIBRARY = "libc++";
				CLANG_ENABLE_MODULES = YES;
				CLANG_ENABLE_OBJC_ARC = YES;
				CLANG_WARN_BOOL_CONVERSION = YES;
				CLANG_WARN_CONSTANT_CONVERSION = YES;
				CLANG_WARN_DIRECT_OBJC_ISA_USAGE = YES_ERROR;
				CLANG_WARN_EMPTY_BODY = YES;
				CLANG_WARN_ENUM_CONVERSION = YES;
				CLANG_WARN_INT_CONVERSION = YES;
				CLANG_WARN_OBJC_ROOT_CLASS = YES_ERROR;
				CLANG_WARN_UNREACHABLE_CODE = YES;
				CLANG_WARN__DUPLICATE_METHOD_MATCH = YES;
				"CODE_SIGN_IDENTITY[sdk=iphoneos*]" = "iPhone Developer";
				COPY_PHASE_STRIP = NO;
				DEBUG_INFORMATION_FORMAT = dwarf;
				ENABLE_STRICT_OBJC_MSGSEND = YES;
				ENABLE_TESTABILITY = YES;
				GCC_C_LANGUAGE_STANDARD = gnu99;
				GCC_DYNAMIC_NO_PIC = NO;
				GCC_NO_COMMON_BLOCKS = YES;
				GCC_OPTIMIZATION_LEVEL = 0;
				GCC_PREPROCESSOR_DEFINITIONS = (
					"DEBUG=1",
					"$(inherited)",
				);
				GCC_WARN_64_TO_32_BIT_CONVERSION = YES;
				GCC_WARN_ABOUT_RETURN_TYPE = YES_ERROR;
				GCC_WARN_UNDECLARED_SELECTOR = YES;
				GCC_WARN_UNINITIALIZED_AUTOS = YES_AGGRESSIVE;
				GCC_WARN_UNUSED_FUNCTION = YES;
				GCC_WARN_UNUSED_VARIABLE = YES;
				IPHONEOS_DEPLOYMENT_TARGET = 9.3;
				MTL_ENABLE_DEBUG_INFO = YES;
				ONLY_ACTIVE_ARCH = YES;
				SDKROOT = iphoneos;
			};
			name = Debug;
		};
		1159F8151CFBD1C500EFEA20 /* Release */ = {
			isa = XCBuildConfiguration;
			buildSettings = {
				ALWAYS_SEARCH_USER_PATHS = NO;
				CLANG_ANALYZER_NONNULL = YES;
				CLANG_CXX_LANGUAGE_STANDARD = "gnu++0x";
				CLANG_CXX_LIBRARY = "libc++";
				CLANG_ENABLE_MODULES = YES;
				CLANG_ENABLE_OBJC_ARC = YES;
				CLANG_WARN_BOOL_CONVERSION = YES;
				CLANG_WARN_CONSTANT_CONVERSION = YES;
				CLANG_WARN_DIRECT_OBJC_ISA_USAGE = YES_ERROR;
				CLANG_WARN_EMPTY_BODY = YES;
				CLANG_WARN_ENUM_CONVERSION = YES;
				CLANG_WARN_INT_CONVERSION = YES;
				CLANG_WARN_OBJC_ROOT_CLASS = YES_ERROR;
				CLANG_WARN_UNREACHABLE_CODE = YES;
				CLANG_WARN__DUPLICATE_METHOD_MATCH = YES;
				"CODE_SIGN_IDENTITY[sdk=iphoneos*]" = "iPhone Developer";
				COPY_PHASE_STRIP = NO;
				DEBUG_INFORMATION_FORMAT = "dwarf-with-dsym";
				ENABLE_NS_ASSERTIONS = NO;
				ENABLE_STRICT_OBJC_MSGSEND = YES;
				GCC_C_LANGUAGE_STANDARD = gnu99;
				GCC_NO_COMMON_BLOCKS = YES;
				GCC_WARN_64_TO_32_BIT_CONVERSION = YES;
				GCC_WARN_ABOUT_RETURN_TYPE = YES_ERROR;
				GCC_WARN_UNDECLARED_SELECTOR = YES;
				GCC_WARN_UNINITIALIZED_AUTOS = YES_AGGRESSIVE;
				GCC_WARN_UNUSED_FUNCTION = YES;
				GCC_WARN_UNUSED_VARIABLE = YES;
				IPHONEOS_DEPLOYMENT_TARGET = 9.3;
				MTL_ENABLE_DEBUG_INFO = NO;
				SDKROOT = iphoneos;
				VALIDATE_PRODUCT = YES;
			};
			name = Release;
		};
		1159F8171CFBD1C500EFEA20 /* Debug */ = {
			isa = XCBuildConfiguration;
			buildSettings = {
				ASSETCATALOG_COMPILER_APPICON_NAME = AppIcon;
				INFOPLIST_FILE = RACOCCalculator/Info.plist;
				LD_RUNPATH_SEARCH_PATHS = "$(inherited) @executable_path/Frameworks";
				PRODUCT_BUNDLE_IDENTIFIER = com.xaree.lee.RACOCCalculator;
				PRODUCT_NAME = "$(TARGET_NAME)";
			};
			name = Debug;
		};
		1159F8181CFBD1C500EFEA20 /* Release */ = {
			isa = XCBuildConfiguration;
			buildSettings = {
				ASSETCATALOG_COMPILER_APPICON_NAME = AppIcon;
				INFOPLIST_FILE = RACOCCalculator/Info.plist;
				LD_RUNPATH_SEARCH_PATHS = "$(inherited) @executable_path/Frameworks";
				PRODUCT_BUNDLE_IDENTIFIER = com.xaree.lee.RACOCCalculator;
				PRODUCT_NAME = "$(TARGET_NAME)";
			};
			name = Release;
		};
		1159F81A1CFBD1C500EFEA20 /* Debug */ = {
			isa = XCBuildConfiguration;
			buildSettings = {
				BUNDLE_LOADER = "$(TEST_HOST)";
				INFOPLIST_FILE = RACOCCalculatorTests/Info.plist;
				LD_RUNPATH_SEARCH_PATHS = "$(inherited) @executable_path/Frameworks @loader_path/Frameworks";
				PRODUCT_BUNDLE_IDENTIFIER = com.xaree.lee.RACOCCalculatorTests;
				PRODUCT_NAME = "$(TARGET_NAME)";
				TEST_HOST = "$(BUILT_PRODUCTS_DIR)/RACOCCalculator.app/RACOCCalculator";
			};
			name = Debug;
		};
		1159F81B1CFBD1C500EFEA20 /* Release */ = {
			isa = XCBuildConfiguration;
			buildSettings = {
				BUNDLE_LOADER = "$(TEST_HOST)";
				INFOPLIST_FILE = RACOCCalculatorTests/Info.plist;
				LD_RUNPATH_SEARCH_PATHS = "$(inherited) @executable_path/Frameworks @loader_path/Frameworks";
				PRODUCT_BUNDLE_IDENTIFIER = com.xaree.lee.RACOCCalculatorTests;
				PRODUCT_NAME = "$(TARGET_NAME)";
				TEST_HOST = "$(BUILT_PRODUCTS_DIR)/RACOCCalculator.app/RACOCCalculator";
			};
			name = Release;
		};
/* End XCBuildConfiguration section */

/* Begin XCConfigurationList section */
		1159F7EF1CFBD1C500EFEA20 /* Build configuration list for PBXProject "RACOCCalculator" */ = {
			isa = XCConfigurationList;
			buildConfigurations = (
				1159F8141CFBD1C500EFEA20 /* Debug */,
				1159F8151CFBD1C500EFEA20 /* Release */,
			);
			defaultConfigurationIsVisible = 0;
			defaultConfigurationName = Release;
		};
		1159F8161CFBD1C500EFEA20 /* Build configuration list for PBXNativeTarget "RACOCCalculator" */ = {
			isa = XCConfigurationList;
			buildConfigurations = (
				1159F8171CFBD1C500EFEA20 /* Debug */,
				1159F8181CFBD1C500EFEA20 /* Release */,
			);
			defaultConfigurationIsVisible = 0;
		};
		1159F8191CFBD1C500EFEA20 /* Build configuration list for PBXNativeTarget "RACOCCalculatorTests" */ = {
			isa = XCConfigurationList;
			buildConfigurations = (
				1159F81A1CFBD1C500EFEA20 /* Debug */,
				1159F81B1CFBD1C500EFEA20 /* Release */,
			);
			defaultConfigurationIsVisible = 0;
		};
/* End XCConfigurationList section */
	};
	rootObject = 1159F7EC1CFBD1C500EFEA20 /* Project object */;
}
